
Microsoft Visual Studio Solution File, Format Version 12.00
# Visual Studio 14
VisualStudioVersion = 14.0.25420.1
MinimumVisualStudioVersion = 10.0.40219.1
Project("{2150E333-8FDC-42A3-9474-1A3956D46DE8}") = "src", "src", "{027C1A93-5E9D-4952-9426-5DBAFF13CF56}"
EndProject
Project("{2150E333-8FDC-42A3-9474-1A3956D46DE8}") = "Solution Items", "Solution Items", "{1BB50F91-0905-4E1C-B00D-B7E45CD510B3}"
	ProjectSection(SolutionItems) = preProject
		global.json = global.json
	EndProjectSection
EndProject
Project("{8BB2217D-0F2D-49D1-97BC-3654ED321F3B}") = "kadmium-sacn-core", "src\kadmium-sacn-core\kadmium-sacn-core.xproj", "{8121791E-BB45-405F-81B0-774BF8E34044}"
EndProject
Global
	GlobalSection(SolutionConfigurationPlatforms) = preSolution
		Debug|Any CPU = Debug|Any CPU
		Release|Any CPU = Release|Any CPU
	EndGlobalSection
	GlobalSection(ProjectConfigurationPlatforms) = postSolution
		{8121791E-BB45-405F-81B0-774BF8E34044}.Debug|Any CPU.ActiveCfg = Debug|Any CPU
		{8121791E-BB45-405F-81B0-774BF8E34044}.Debug|Any CPU.Build.0 = Debug|Any CPU
		{8121791E-BB45-405F-81B0-774BF8E34044}.Release|Any CPU.ActiveCfg = Release|Any CPU
		{8121791E-BB45-405F-81B0-774BF8E34044}.Release|Any CPU.Build.0 = Release|Any CPU
	EndGlobalSection
	GlobalSection(SolutionProperties) = preSolution
		HideSolutionNode = FALSE
	EndGlobalSection
	GlobalSection(NestedProjects) = preSolution
		{8121791E-BB45-405F-81B0-774BF8E34044} = {027C1A93-5E9D-4952-9426-5DBAFF13CF56}
	EndGlobalSection
EndGlobal
